// !$*UTF8*$!
{
	archiveVersion = 1;
	classes = {
	};
	objectVersion = 77;
	objects = {

/* Begin PBXContainerItemProxy section */
		252B2C212CD40BBC00F6830E /* PBXContainerItemProxy */ = {
			isa = PBXContainerItemProxy;
			containerPortal = 252B2C082CD40BBA00F6830E /* Project object */;
			proxyType = 1;
			remoteGlobalIDString = 252B2C0F2CD40BBA00F6830E;
			remoteInfo = CVSFicklr;
		};
		252B2C2B2CD40BBC00F6830E /* PBXContainerItemProxy */ = {
			isa = PBXContainerItemProxy;
			containerPortal = 252B2C082CD40BBA00F6830E /* Project object */;
			proxyType = 1;
			remoteGlobalIDString = 252B2C0F2CD40BBA00F6830E;
			remoteInfo = CVSFicklr;
		};
/* End PBXContainerItemProxy section */

/* Begin PBXFileReference section */
		252B2C102CD40BBA00F6830E /* CVSFicklr.app */ = {isa = PBXFileReference; explicitFileType = wrapper.application; includeInIndex = 0; path = CVSFicklr.app; sourceTree = BUILT_PRODUCTS_DIR; };
		252B2C202CD40BBC00F6830E /* CVSFicklrTests.xctest */ = {isa = PBXFileReference; explicitFileType = wrapper.cfbundle; includeInIndex = 0; path = CVSFicklrTests.xctest; sourceTree = BUILT_PRODUCTS_DIR; };
		252B2C2A2CD40BBC00F6830E /* CVSFicklrUITests.xctest */ = {isa = PBXFileReference; explicitFileType = wrapper.cfbundle; includeInIndex = 0; path = CVSFicklrUITests.xctest; sourceTree = BUILT_PRODUCTS_DIR; };
/* End PBXFileReference section */

/* Begin PBXFileSystemSynchronizedRootGroup section */
		252B2C122CD40BBA00F6830E /* CVSFicklr */ = {
			isa = PBXFileSystemSynchronizedRootGroup;
			path = CVSFicklr;
			sourceTree = "<group>";
		};
		252B2C232CD40BBC00F6830E /* CVSFicklrTests */ = {
			isa = PBXFileSystemSynchronizedRootGroup;
			path = CVSFicklrTests;
			sourceTree = "<group>";
		};
		252B2C2D2CD40BBC00F6830E /* CVSFicklrUITests */ = {
			isa = PBXFileSystemSynchronizedRootGroup;
			path = CVSFicklrUITests;
			sourceTree = "<group>";
		};
/* End PBXFileSystemSynchronizedRootGroup section */

/* Begin PBXFrameworksBuildPhase section */
		252B2C0D2CD40BBA00F6830E /* Frameworks */ = {
			isa = PBXFrameworksBuildPhase;
			buildActionMask = 2147483647;
			files = (
			);
			runOnlyForDeploymentPostprocessing = 0;
		};
		252B2C1D2CD40BBC00F6830E /* Frameworks */ = {
			isa = PBXFrameworksBuildPhase;
			buildActionMask = 2147483647;
			files = (
			);
			runOnlyForDeploymentPostprocessing = 0;
		};
		252B2C272CD40BBC00F6830E /* Frameworks */ = {
			isa = PBXFrameworksBuildPhase;
			buildActionMask = 2147483647;
			files = (
			);
			runOnlyForDeploymentPostprocessing = 0;
		};
/* End PBXFrameworksBuildPhase section */

/* Begin PBXGroup section */
		252B2C072CD40BBA00F6830E = {
			isa = PBXGroup;
			children = (
				252B2C122CD40BBA00F6830E /* CVSFicklr */,
				252B2C232CD40BBC00F6830E /* CVSFicklrTests */,
				252B2C2D2CD40BBC00F6830E /* CVSFicklrUITests */,
				252B2C112CD40BBA00F6830E /* Products */,
			);
			sourceTree = "<group>";
		};
		252B2C112CD40BBA00F6830E /* Products */ = {
			isa = PBXGroup;
			children = (
				252B2C102CD40BBA00F6830E /* CVSFicklr.app */,
				252B2C202CD40BBC00F6830E /* CVSFicklrTests.xctest */,
				252B2C2A2CD40BBC00F6830E /* CVSFicklrUITests.xctest */,
			);
			name = Products;
			sourceTree = "<group>";
		};
/* End PBXGroup section */

/* Begin PBXNativeTarget section */
		252B2C0F2CD40BBA00F6830E /* CVSFicklr */ = {
			isa = PBXNativeTarget;
			buildConfigurationList = 252B2C342CD40BBC00F6830E /* Build configuration list for PBXNativeTarget "CVSFicklr" */;
			buildPhases = (
				252B2C0C2CD40BBA00F6830E /* Sources */,
				252B2C0D2CD40BBA00F6830E /* Frameworks */,
				252B2C0E2CD40BBA00F6830E /* Resources */,
			);
			buildRules = (
			);
			dependencies = (
			);
			fileSystemSynchronizedGroups = (
				252B2C122CD40BBA00F6830E /* CVSFicklr */,
			);
			name = CVSFicklr;
			packageProductDependencies = (
			);
			productName = CVSFicklr;
			productReference = 252B2C102CD40BBA00F6830E /* CVSFicklr.app */;
			productType = "com.apple.product-type.application";
		};
		252B2C1F2CD40BBC00F6830E /* CVSFicklrTests */ = {
			isa = PBXNativeTarget;
			buildConfigurationList = 252B2C372CD40BBC00F6830E /* Build configuration list for PBXNativeTarget "CVSFicklrTests" */;
			buildPhases = (
				252B2C1C2CD40BBC00F6830E /* Sources */,
				252B2C1D2CD40BBC00F6830E /* Frameworks */,
				252B2C1E2CD40BBC00F6830E /* Resources */,
			);
			buildRules = (
			);
			dependencies = (
				252B2C222CD40BBC00F6830E /* PBXTargetDependency */,
			);
			fileSystemSynchronizedGroups = (
				252B2C232CD40BBC00F6830E /* CVSFicklrTests */,
			);
			name = CVSFicklrTests;
			packageProductDependencies = (
			);
			productName = CVSFicklrTests;
			productReference = 252B2C202CD40BBC00F6830E /* CVSFicklrTests.xctest */;
			productType = "com.apple.product-type.bundle.unit-test";
		};
		252B2C292CD40BBC00F6830E /* CVSFicklrUITests */ = {
			isa = PBXNativeTarget;
			buildConfigurationList = 252B2C3A2CD40BBC00F6830E /* Build configuration list for PBXNativeTarget "CVSFicklrUITests" */;
			buildPhases = (
				252B2C262CD40BBC00F6830E /* Sources */,
				252B2C272CD40BBC00F6830E /* Frameworks */,
				252B2C282CD40BBC00F6830E /* Resources */,
			);
			buildRules = (
			);
			dependencies = (
				252B2C2C2CD40BBC00F6830E /* PBXTargetDependency */,
			);
			fileSystemSynchronizedGroups = (
				252B2C2D2CD40BBC00F6830E /* CVSFicklrUITests */,
			);
			name = CVSFicklrUITests;
			packageProductDependencies = (
			);
			productName = CVSFicklrUITests;
			productReference = 252B2C2A2CD40BBC00F6830E /* CVSFicklrUITests.xctest */;
			productType = "com.apple.product-type.bundle.ui-testing";
		};
/* End PBXNativeTarget section */

/* Begin PBXProject section */
		252B2C082CD40BBA00F6830E /* Project object */ = {
			isa = PBXProject;
			attributes = {
				BuildIndependentTargetsInParallel = 1;
				LastSwiftUpdateCheck = 1600;
				LastUpgradeCheck = 1600;
				TargetAttributes = {
					252B2C0F2CD40BBA00F6830E = {
						CreatedOnToolsVersion = 16.0;
						LastSwiftMigration = 1600;
					};
					252B2C1F2CD40BBC00F6830E = {
						CreatedOnToolsVersion = 16.0;
						TestTargetID = 252B2C0F2CD40BBA00F6830E;
					};
					252B2C292CD40BBC00F6830E = {
						CreatedOnToolsVersion = 16.0;
						TestTargetID = 252B2C0F2CD40BBA00F6830E;
					};
				};
			};
			buildConfigurationList = 252B2C0B2CD40BBA00F6830E /* Build configuration list for PBXProject "CVSFicklr" */;
			developmentRegion = en;
			hasScannedForEncodings = 0;
			knownRegions = (
				en,
				Base,
			);
			mainGroup = 252B2C072CD40BBA00F6830E;
			minimizedProjectReferenceProxies = 1;
			preferredProjectObjectVersion = 77;
			productRefGroup = 252B2C112CD40BBA00F6830E /* Products */;
			projectDirPath = "";
			projectRoot = "";
			targets = (
				252B2C0F2CD40BBA00F6830E /* CVSFicklr */,
				252B2C1F2CD40BBC00F6830E /* CVSFicklrTests */,
				252B2C292CD40BBC00F6830E /* CVSFicklrUITests */,
			);
		};
/* End PBXProject section */

/* Begin PBXResourcesBuildPhase section */
		252B2C0E2CD40BBA00F6830E /* Resources */ = {
			isa = PBXResourcesBuildPhase;
			buildActionMask = 2147483647;
			files = (
			);
			runOnlyForDeploymentPostprocessing = 0;
		};
		252B2C1E2CD40BBC00F6830E /* Resources */ = {
			isa = PBXResourcesBuildPhase;
			buildActionMask = 2147483647;
			files = (
			);
			runOnlyForDeploymentPostprocessing = 0;
		};
		252B2C282CD40BBC00F6830E /* Resources */ = {
			isa = PBXResourcesBuildPhase;
			buildActionMask = 2147483647;
			files = (
			);
			runOnlyForDeploymentPostprocessing = 0;
		};
/* End PBXResourcesBuildPhase section */

/* Begin PBXSourcesBuildPhase section */
		252B2C0C2CD40BBA00F6830E /* Sources */ = {
			isa = PBXSourcesBuildPhase;
			buildActionMask = 2147483647;
			files = (
			);
			runOnlyForDeploymentPostprocessing = 0;
		};
		252B2C1C2CD40BBC00F6830E /* Sources */ = {
			isa = PBXSourcesBuildPhase;
			buildActionMask = 2147483647;
			files = (
			);
			runOnlyForDeploymentPostprocessing = 0;
		};
		252B2C262CD40BBC00F6830E /* Sources */ = {
			isa = PBXSourcesBuildPhase;
			buildActionMask = 2147483647;
			files = (
			);
			runOnlyForDeploymentPostprocessing = 0;
		};
/* End PBXSourcesBuildPhase section */

/* Begin PBXTargetDependency section */
		252B2C222CD40BBC00F6830E /* PBXTargetDependency */ = {
			isa = PBXTargetDependency;
			target = 252B2C0F2CD40BBA00F6830E /* CVSFicklr */;
			targetProxy = 252B2C212CD40BBC00F6830E /* PBXContainerItemProxy */;
		};
		252B2C2C2CD40BBC00F6830E /* PBXTargetDependency */ = {
			isa = PBXTargetDependency;
			target = 252B2C0F2CD40BBA00F6830E /* CVSFicklr */;
			targetProxy = 252B2C2B2CD40BBC00F6830E /* PBXContainerItemProxy */;
		};
/* End PBXTargetDependency section */

/* Begin XCBuildConfiguration section */
		252B2C322CD40BBC00F6830E /* Debug */ = {
			isa = XCBuildConfiguration;
			buildSettings = {
				ALWAYS_SEARCH_USER_PATHS = NO;
				ASSETCATALOG_COMPILER_GENERATE_SWIFT_ASSET_SYMBOL_EXTENSIONS = YES;
				CLANG_ANALYZER_NONNULL = YES;
				CLANG_ANALYZER_NUMBER_OBJECT_CONVERSION = YES_AGGRESSIVE;
				CLANG_CXX_LANGUAGE_STANDARD = "gnu++20";
				CLANG_ENABLE_MODULES = YES;
				CLANG_ENABLE_OBJC_ARC = YES;
				CLANG_ENABLE_OBJC_WEAK = YES;
				CLANG_WARN_BLOCK_CAPTURE_AUTORELEASING = YES;
				CLANG_WARN_BOOL_CONVERSION = YES;
				CLANG_WARN_COMMA = YES;
				CLANG_WARN_CONSTANT_CONVERSION = YES;
				CLANG_WARN_DEPRECATED_OBJC_IMPLEMENTATIONS = YES;
				CLANG_WARN_DIRECT_OBJC_ISA_USAGE = YES_ERROR;
				CLANG_WARN_DOCUMENTATION_COMMENTS = YES;
				CLANG_WARN_EMPTY_BODY = YES;
				CLANG_WARN_ENUM_CONVERSION = YES;
				CLANG_WARN_INFINITE_RECURSION = YES;
				CLANG_WARN_INT_CONVERSION = YES;
				CLANG_WARN_NON_LITERAL_NULL_CONVERSION = YES;
				CLANG_WARN_OBJC_IMPLICIT_RETAIN_SELF = YES;
				CLANG_WARN_OBJC_LITERAL_CONVERSION = YES;
				CLANG_WARN_OBJC_ROOT_CLASS = YES_ERROR;
				CLANG_WARN_QUOTED_INCLUDE_IN_FRAMEWORK_HEADER = YES;
				CLANG_WARN_RANGE_LOOP_ANALYSIS = YES;
				CLANG_WARN_STRICT_PROTOTYPES = YES;
				CLANG_WARN_SUSPICIOUS_MOVE = YES;
				CLANG_WARN_UNGUARDED_AVAILABILITY = YES_AGGRESSIVE;
				CLANG_WARN_UNREACHABLE_CODE = YES;
				CLANG_WARN__DUPLICATE_METHOD_MATCH = YES;
				COPY_PHASE_STRIP = NO;
				DEBUG_INFORMATION_FORMAT = dwarf;
				ENABLE_STRICT_OBJC_MSGSEND = YES;
				ENABLE_TESTABILITY = YES;
				ENABLE_USER_SCRIPT_SANDBOXING = YES;
				GCC_C_LANGUAGE_STANDARD = gnu17;
				GCC_DYNAMIC_NO_PIC = NO;
				GCC_NO_COMMON_BLOCKS = YES;
				GCC_OPTIMIZATION_LEVEL = 0;
				GCC_PREPROCESSOR_DEFINITIONS = (
					"DEBUG=1",
					"$(inherited)",
				);
				GCC_WARN_64_TO_32_BIT_CONVERSION = YES;
				GCC_WARN_ABOUT_RETURN_TYPE = YES_ERROR;
				GCC_WARN_UNDECLARED_SELECTOR = YES;
				GCC_WARN_UNINITIALIZED_AUTOS = YES_AGGRESSIVE;
				GCC_WARN_UNUSED_FUNCTION = YES;
				GCC_WARN_UNUSED_VARIABLE = YES;
				IPHONEOS_DEPLOYMENT_TARGET = 18.0;
				LOCALIZATION_PREFERS_STRING_CATALOGS = YES;
				MTL_ENABLE_DEBUG_INFO = INCLUDE_SOURCE;
				MTL_FAST_MATH = YES;
				ONLY_ACTIVE_ARCH = YES;
				SDKROOT = iphoneos;
				SWIFT_ACTIVE_COMPILATION_CONDITIONS = "DEBUG $(inherited)";
				SWIFT_OPTIMIZATION_LEVEL = "-Onone";
			};
			name = Debug;
		};
		252B2C332CD40BBC00F6830E /* Release */ = {
			isa = XCBuildConfiguration;
			buildSettings = {
				ALWAYS_SEARCH_USER_PATHS = NO;
				ASSETCATALOG_COMPILER_GENERATE_SWIFT_ASSET_SYMBOL_EXTENSIONS = YES;
				CLANG_ANALYZER_NONNULL = YES;
				CLANG_ANALYZER_NUMBER_OBJECT_CONVERSION = YES_AGGRESSIVE;
				CLANG_CXX_LANGUAGE_STANDARD = "gnu++20";
				CLANG_ENABLE_MODULES = YES;
				CLANG_ENABLE_OBJC_ARC = YES;
				CLANG_ENABLE_OBJC_WEAK = YES;
				CLANG_WARN_BLOCK_CAPTURE_AUTORELEASING = YES;
				CLANG_WARN_BOOL_CONVERSION = YES;
				CLANG_WARN_COMMA = YES;
				CLANG_WARN_CONSTANT_CONVERSION = YES;
				CLANG_WARN_DEPRECATED_OBJC_IMPLEMENTATIONS = YES;
				CLANG_WARN_DIRECT_OBJC_ISA_USAGE = YES_ERROR;
				CLANG_WARN_DOCUMENTATION_COMMENTS = YES;
				CLANG_WARN_EMPTY_BODY = YES;
				CLANG_WARN_ENUM_CONVERSION = YES;
				CLANG_WARN_INFINITE_RECURSION = YES;
				CLANG_WARN_INT_CONVERSION = YES;
				CLANG_WARN_NON_LITERAL_NULL_CONVERSION = YES;
				CLANG_WARN_OBJC_IMPLICIT_RETAIN_SELF = YES;
				CLANG_WARN_OBJC_LITERAL_CONVERSION = YES;
				CLANG_WARN_OBJC_ROOT_CLASS = YES_ERROR;
				CLANG_WARN_QUOTED_INCLUDE_IN_FRAMEWORK_HEADER = YES;
				CLANG_WARN_RANGE_LOOP_ANALYSIS = YES;
				CLANG_WARN_STRICT_PROTOTYPES = YES;
				CLANG_WARN_SUSPICIOUS_MOVE = YES;
				CLANG_WARN_UNGUARDED_AVAILABILITY = YES_AGGRESSIVE;
				CLANG_WARN_UNREACHABLE_CODE = YES;
				CLANG_WARN__DUPLICATE_METHOD_MATCH = YES;
				COPY_PHASE_STRIP = NO;
				DEBUG_INFORMATION_FORMAT = "dwarf-with-dsym";
				ENABLE_NS_ASSERTIONS = NO;
				ENABLE_STRICT_OBJC_MSGSEND = YES;
				ENABLE_USER_SCRIPT_SANDBOXING = YES;
				GCC_C_LANGUAGE_STANDARD = gnu17;
				GCC_NO_COMMON_BLOCKS = YES;
				GCC_WARN_64_TO_32_BIT_CONVERSION = YES;
				GCC_WARN_ABOUT_RETURN_TYPE = YES_ERROR;
				GCC_WARN_UNDECLARED_SELECTOR = YES;
				GCC_WARN_UNINITIALIZED_AUTOS = YES_AGGRESSIVE;
				GCC_WARN_UNUSED_FUNCTION = YES;
				GCC_WARN_UNUSED_VARIABLE = YES;
				IPHONEOS_DEPLOYMENT_TARGET = 18.0;
				LOCALIZATION_PREFERS_STRING_CATALOGS = YES;
				MTL_ENABLE_DEBUG_INFO = NO;
				MTL_FAST_MATH = YES;
				SDKROOT = iphoneos;
				SWIFT_COMPILATION_MODE = wholemodule;
				VALIDATE_PRODUCT = YES;
			};
			name = Release;
		};
		252B2C352CD40BBC00F6830E /* Debug */ = {
			isa = XCBuildConfiguration;
			buildSettings = {
				ASSETCATALOG_COMPILER_APPICON_NAME = AppIcon;
				ASSETCATALOG_COMPILER_GLOBAL_ACCENT_COLOR_NAME = AccentColor;
				CLANG_ENABLE_MODULES = YES;
				CODE_SIGN_STYLE = Automatic;
				CURRENT_PROJECT_VERSION = 1;
				DEVELOPMENT_ASSET_PATHS = "\"CVSFicklr/Preview Content\"";
				ENABLE_PREVIEWS = YES;
				GENERATE_INFOPLIST_FILE = YES;
				INFOPLIST_KEY_UIApplicationSceneManifest_Generation = YES;
				INFOPLIST_KEY_UIApplicationSupportsIndirectInputEvents = YES;
				INFOPLIST_KEY_UILaunchScreen_Generation = YES;
				INFOPLIST_KEY_UISupportedInterfaceOrientations_iPad = "UIInterfaceOrientationPortrait UIInterfaceOrientationPortraitUpsideDown UIInterfaceOrientationLandscapeLeft UIInterfaceOrientationLandscapeRight";
				INFOPLIST_KEY_UISupportedInterfaceOrientations_iPhone = "UIInterfaceOrientationPortrait UIInterfaceOrientationLandscapeLeft UIInterfaceOrientationLandscapeRight";
				LD_RUNPATH_SEARCH_PATHS = (
					"$(inherited)",
					"@executable_path/Frameworks",
				);
				MARKETING_VERSION = 1.0;
				PRODUCT_BUNDLE_IDENTIFIER = com.ks.CVSFicklr;
				PRODUCT_NAME = "$(TARGET_NAME)";
				SWIFT_EMIT_LOC_STRINGS = YES;
				SWIFT_OBJC_BRIDGING_HEADER = "CVSFicklr/CVSNetworking-SPM/CVSFicklr-Bridging-Header.h";
				SWIFT_OPTIMIZATION_LEVEL = "-Onone";
				SWIFT_VERSION = 5.0;
				TARGETED_DEVICE_FAMILY = "1,2";
			};
			name = Debug;
		};
		252B2C362CD40BBC00F6830E /* Release */ = {
			isa = XCBuildConfiguration;
			buildSettings = {
				ASSETCATALOG_COMPILER_APPICON_NAME = AppIcon;
				ASSETCATALOG_COMPILER_GLOBAL_ACCENT_COLOR_NAME = AccentColor;
				CLANG_ENABLE_MODULES = YES;
				CODE_SIGN_STYLE = Automatic;
				CURRENT_PROJECT_VERSION = 1;
				DEVELOPMENT_ASSET_PATHS = "\"CVSFicklr/Preview Content\"";
				ENABLE_PREVIEWS = YES;
				GENERATE_INFOPLIST_FILE = YES;
				INFOPLIST_KEY_UIApplicationSceneManifest_Generation = YES;
				INFOPLIST_KEY_UIApplicationSupportsIndirectInputEvents = YES;
				INFOPLIST_KEY_UILaunchScreen_Generation = YES;
				INFOPLIST_KEY_UISupportedInterfaceOrientations_iPad = "UIInterfaceOrientationPortrait UIInterfaceOrientationPortraitUpsideDown UIInterfaceOrientationLandscapeLeft UIInterfaceOrientationLandscapeRight";
				INFOPLIST_KEY_UISupportedInterfaceOrientations_iPhone = "UIInterfaceOrientationPortrait UIInterfaceOrientationLandscapeLeft UIInterfaceOrientationLandscapeRight";
				LD_RUNPATH_SEARCH_PATHS = (
					"$(inherited)",
					"@executable_path/Frameworks",
				);
				MARKETING_VERSION = 1.0;
				PRODUCT_BUNDLE_IDENTIFIER = com.ks.CVSFicklr;
				PRODUCT_NAME = "$(TARGET_NAME)";
				SWIFT_EMIT_LOC_STRINGS = YES;
				SWIFT_OBJC_BRIDGING_HEADER = "CVSFicklr/CVSNetworking-SPM/CVSFicklr-Bridging-Header.h";
				SWIFT_VERSION = 5.0;
				TARGETED_DEVICE_FAMILY = "1,2";
			};
			name = Release;
		};
		252B2C382CD40BBC00F6830E /* Debug */ = {
			isa = XCBuildConfiguration;
			buildSettings = {
				BUNDLE_LOADER = "$(TEST_HOST)";
				CODE_SIGN_STYLE = Automatic;
				CURRENT_PROJECT_VERSION = 1;
				GENERATE_INFOPLIST_FILE = YES;
				IPHONEOS_DEPLOYMENT_TARGET = 18.0;
				MARKETING_VERSION = 1.0;
				PRODUCT_BUNDLE_IDENTIFIER = com.ks.CVSFicklrTests;
				PRODUCT_NAME = "$(TARGET_NAME)";
				SWIFT_EMIT_LOC_STRINGS = NO;
				SWIFT_VERSION = 5.0;
				TARGETED_DEVICE_FAMILY = "1,2";
				TEST_HOST = "$(BUILT_PRODUCTS_DIR)/CVSFicklr.app/$(BUNDLE_EXECUTABLE_FOLDER_PATH)/CVSFicklr";
			};
			name = Debug;
		};
		252B2C392CD40BBC00F6830E /* Release */ = {
			isa = XCBuildConfiguration;
			buildSettings = {
				BUNDLE_LOADER = "$(TEST_HOST)";
				CODE_SIGN_STYLE = Automatic;
				CURRENT_PROJECT_VERSION = 1;
				GENERATE_INFOPLIST_FILE = YES;
				IPHONEOS_DEPLOYMENT_TARGET = 18.0;
				MARKETING_VERSION = 1.0;
				PRODUCT_BUNDLE_IDENTIFIER = com.ks.CVSFicklrTests;
				PRODUCT_NAME = "$(TARGET_NAME)";
				SWIFT_EMIT_LOC_STRINGS = NO;
				SWIFT_VERSION = 5.0;
				TARGETED_DEVICE_FAMILY = "1,2";
				TEST_HOST = "$(BUILT_PRODUCTS_DIR)/CVSFicklr.app/$(BUNDLE_EXECUTABLE_FOLDER_PATH)/CVSFicklr";
			};
			name = Release;
		};
		252B2C3B2CD40BBC00F6830E /* Debug */ = {
			isa = XCBuildConfiguration;
			buildSettings = {
				CODE_SIGN_STYLE = Automatic;
				CURRENT_PROJECT_VERSION = 1;
				GENERATE_INFOPLIST_FILE = YES;
				MARKETING_VERSION = 1.0;
				PRODUCT_BUNDLE_IDENTIFIER = com.ks.CVSFicklrUITests;
				PRODUCT_NAME = "$(TARGET_NAME)";
				SWIFT_EMIT_LOC_STRINGS = NO;
				SWIFT_VERSION = 5.0;
				TARGETED_DEVICE_FAMILY = "1,2";
				TEST_TARGET_NAME = CVSFicklr;
			};
			name = Debug;
		};
		252B2C3C2CD40BBC00F6830E /* Release */ = {
			isa = XCBuildConfiguration;
			buildSettings = {
				CODE_SIGN_STYLE = Automatic;
				CURRENT_PROJECT_VERSION = 1;
				GENERATE_INFOPLIST_FILE = YES;
				MARKETING_VERSION = 1.0;
				PRODUCT_BUNDLE_IDENTIFIER = com.ks.CVSFicklrUITests;
				PRODUCT_NAME = "$(TARGET_NAME)";
				SWIFT_EMIT_LOC_STRINGS = NO;
				SWIFT_VERSION = 5.0;
				TARGETED_DEVICE_FAMILY = "1,2";
				TEST_TARGET_NAME = CVSFicklr;
			};
			name = Release;
		};
/* End XCBuildConfiguration section */

/* Begin XCConfigurationList section */
		252B2C0B2CD40BBA00F6830E /* Build configuration list for PBXProject "CVSFicklr" */ = {
			isa = XCConfigurationList;
			buildConfigurations = (
				252B2C322CD40BBC00F6830E /* Debug */,
				252B2C332CD40BBC00F6830E /* Release */,
			);
			defaultConfigurationIsVisible = 0;
			defaultConfigurationName = Release;
		};
		252B2C342CD40BBC00F6830E /* Build configuration list for PBXNativeTarget "CVSFicklr" */ = {
			isa = XCConfigurationList;
			buildConfigurations = (
				252B2C352CD40BBC00F6830E /* Debug */,
				252B2C362CD40BBC00F6830E /* Release */,
			);
			defaultConfigurationIsVisible = 0;
			defaultConfigurationName = Release;
		};
		252B2C372CD40BBC00F6830E /* Build configuration list for PBXNativeTarget "CVSFicklrTests" */ = {
			isa = XCConfigurationList;
			buildConfigurations = (
				252B2C382CD40BBC00F6830E /* Debug */,
				252B2C392CD40BBC00F6830E /* Release */,
			);
			defaultConfigurationIsVisible = 0;
			defaultConfigurationName = Release;
		};
		252B2C3A2CD40BBC00F6830E /* Build configuration list for PBXNativeTarget "CVSFicklrUITests" */ = {
			isa = XCConfigurationList;
			buildConfigurations = (
				252B2C3B2CD40BBC00F6830E /* Debug */,
				252B2C3C2CD40BBC00F6830E /* Release */,
			);
			defaultConfigurationIsVisible = 0;
			defaultConfigurationName = Release;
		};
/* End XCConfigurationList section */
	};
	rootObject = 252B2C082CD40BBA00F6830E /* Project object */;
}
